
Microsoft Visual Studio Solution File, Format Version 12.00
# Visual Studio 2012
Project("{FAE04EC0-301F-11D3-BF4B-00C04F79EFBC}") = "HelloWorld", "HelloWorld\HelloWorld.csproj", "{2320EE22-D490-4FA5-8AA8-41BAFA3F17A3}"
EndProject
Project("{FAE04EC0-301F-11D3-BF4B-00C04F79EFBC}") = "PenguinJoke", "PenguinJoke\PenguinJoke.csproj", "{9E6A0397-8DBF-41B6-828A-8E916F85363C}"
EndProject
Project("{2150E333-8FDC-42A3-9474-1A3956D46DE8}") = "Solution Items", "Solution Items", "{AD80F183-5C68-4A17-8FF5-9D8C2AF86809}"
	ProjectSection(SolutionItems) = preProject
		README.md = README.md
	EndProjectSection
EndProject
Project("{FAE04EC0-301F-11D3-BF4B-00C04F79EFBC}") = "Router1", "Router1\Router1.csproj", "{ACFB8AF2-91CF-4E4C-96DA-3C6D84BB11A0}"
EndProject
Project("{FAE04EC0-301F-11D3-BF4B-00C04F79EFBC}") = "Router2", "Router2\Router2.csproj", "{65890F0E-08A6-4D03-986E-A0AF923F40C5}"
EndProject
Global
	GlobalSection(SolutionConfigurationPlatforms) = preSolution
		Debug|x86 = Debug|x86
		Release|x86 = Release|x86
	EndGlobalSection
	GlobalSection(ProjectConfigurationPlatforms) = postSolution
		{2320EE22-D490-4FA5-8AA8-41BAFA3F17A3}.Debug|x86.ActiveCfg = Debug|x86
		{2320EE22-D490-4FA5-8AA8-41BAFA3F17A3}.Debug|x86.Build.0 = Debug|x86
		{2320EE22-D490-4FA5-8AA8-41BAFA3F17A3}.Release|x86.ActiveCfg = Release|x86
		{2320EE22-D490-4FA5-8AA8-41BAFA3F17A3}.Release|x86.Build.0 = Release|x86
		{9E6A0397-8DBF-41B6-828A-8E916F85363C}.Debug|x86.ActiveCfg = Debug|x86
		{9E6A0397-8DBF-41B6-828A-8E916F85363C}.Debug|x86.Build.0 = Debug|x86
		{9E6A0397-8DBF-41B6-828A-8E916F85363C}.Release|x86.ActiveCfg = Release|x86
		{9E6A0397-8DBF-41B6-828A-8E916F85363C}.Release|x86.Build.0 = Release|x86
		{ACFB8AF2-91CF-4E4C-96DA-3C6D84BB11A0}.Debug|x86.ActiveCfg = Debug|x86
		{ACFB8AF2-91CF-4E4C-96DA-3C6D84BB11A0}.Debug|x86.Build.0 = Debug|x86
		{ACFB8AF2-91CF-4E4C-96DA-3C6D84BB11A0}.Release|x86.ActiveCfg = Release|x86
		{ACFB8AF2-91CF-4E4C-96DA-3C6D84BB11A0}.Release|x86.Build.0 = Release|x86
		{65890F0E-08A6-4D03-986E-A0AF923F40C5}.Debug|x86.ActiveCfg = Debug|x86
		{65890F0E-08A6-4D03-986E-A0AF923F40C5}.Debug|x86.Build.0 = Debug|x86
		{65890F0E-08A6-4D03-986E-A0AF923F40C5}.Release|x86.ActiveCfg = Release|x86
		{65890F0E-08A6-4D03-986E-A0AF923F40C5}.Release|x86.Build.0 = Release|x86
	EndGlobalSection
EndGlobal
